
Microsoft Visual Studio Solution File, Format Version 12.00
# Visual Studio Version 17
VisualStudioVersion = 17.0.31903.59
MinimumVisualStudioVersion = 10.0.40219.1
Project("{FAE04EC0-301F-11D3-BF4B-00C04F79EFBC}") = "Consola", "Consola\Consola.csproj", "{E880D5AE-B0B3-4929-A57B-0BCFC339AEB9}"
EndProject
Project("{FAE04EC0-301F-11D3-BF4B-00C04F79EFBC}") = "Libreria", "Libreria\Libreria.csproj", "{391397BF-2DC9-4B86-9EC3-9FA7D6D13CA7}"
EndProject
Global
	GlobalSection(SolutionConfigurationPlatforms) = preSolution
		Debug|Any CPU = Debug|Any CPU
		Release|Any CPU = Release|Any CPU
	EndGlobalSection
	GlobalSection(SolutionProperties) = preSolution
		HideSolutionNode = FALSE
	EndGlobalSection
	GlobalSection(ProjectConfigurationPlatforms) = postSolution
		{E880D5AE-B0B3-4929-A57B-0BCFC339AEB9}.Debug|Any CPU.ActiveCfg = Debug|Any CPU
		{E880D5AE-B0B3-4929-A57B-0BCFC339AEB9}.Debug|Any CPU.Build.0 = Debug|Any CPU
		{E880D5AE-B0B3-4929-A57B-0BCFC339AEB9}.Release|Any CPU.ActiveCfg = Release|Any CPU
		{E880D5AE-B0B3-4929-A57B-0BCFC339AEB9}.Release|Any CPU.Build.0 = Release|Any CPU
		{391397BF-2DC9-4B86-9EC3-9FA7D6D13CA7}.Debug|Any CPU.ActiveCfg = Debug|Any CPU
		{391397BF-2DC9-4B86-9EC3-9FA7D6D13CA7}.Debug|Any CPU.Build.0 = Debug|Any CPU
		{391397BF-2DC9-4B86-9EC3-9FA7D6D13CA7}.Release|Any CPU.ActiveCfg = Release|Any CPU
		{391397BF-2DC9-4B86-9EC3-9FA7D6D13CA7}.Release|Any CPU.Build.0 = Release|Any CPU
	EndGlobalSection
EndGlobal
